
Microsoft Visual Studio Solution File, Format Version 12.00
# Visual Studio 2013
VisualStudioVersion = 12.0.40629.0
MinimumVisualStudioVersion = 10.0.40219.1
Project("{FAE04EC0-301F-11D3-BF4B-00C04F79EFBC}") = "HeadlessUmbracoPackages.Website", "HeadlessUmbracoPackages.Website\HeadlessUmbracoPackages.Website.csproj", "{6A8CE43B-7BFD-4808-8A9A-CCA557FE4AC1}"
EndProject
Project("{FAE04EC0-301F-11D3-BF4B-00C04F79EFBC}") = "HeadlessUmbracoPackages.Package", "HeadlessUmbracoPackages.Package\HeadlessUmbracoPackages.Package.csproj", "{E65FA7B9-5621-457B-BBE9-AA03C743B043}"
EndProject
Global
	GlobalSection(SolutionConfigurationPlatforms) = preSolution
		Debug|Any CPU = Debug|Any CPU
		Release|Any CPU = Release|Any CPU
	EndGlobalSection
	GlobalSection(ProjectConfigurationPlatforms) = postSolution
		{6A8CE43B-7BFD-4808-8A9A-CCA557FE4AC1}.Debug|Any CPU.ActiveCfg = Debug|Any CPU
		{6A8CE43B-7BFD-4808-8A9A-CCA557FE4AC1}.Debug|Any CPU.Build.0 = Debug|Any CPU
		{6A8CE43B-7BFD-4808-8A9A-CCA557FE4AC1}.Release|Any CPU.ActiveCfg = Release|Any CPU
		{6A8CE43B-7BFD-4808-8A9A-CCA557FE4AC1}.Release|Any CPU.Build.0 = Release|Any CPU
		{E65FA7B9-5621-457B-BBE9-AA03C743B043}.Debug|Any CPU.ActiveCfg = Debug|Any CPU
		{E65FA7B9-5621-457B-BBE9-AA03C743B043}.Debug|Any CPU.Build.0 = Debug|Any CPU
		{E65FA7B9-5621-457B-BBE9-AA03C743B043}.Release|Any CPU.ActiveCfg = Release|Any CPU
		{E65FA7B9-5621-457B-BBE9-AA03C743B043}.Release|Any CPU.Build.0 = Release|Any CPU
	EndGlobalSection
	GlobalSection(SolutionProperties) = preSolution
		HideSolutionNode = FALSE
	EndGlobalSection
EndGlobal
